
Microsoft Visual Studio Solution File, Format Version 12.00
# Visual Studio 2013
VisualStudioVersion = 12.0.40629.0
MinimumVisualStudioVersion = 10.0.40219.1
Project("{FAE04EC0-301F-11D3-BF4B-00C04F79EFBC}") = "PetriLib", "PetriLib\PetriLib.csproj", "{A79C6AC5-8BA1-42C4-910B-818E6B55B26A}"
EndProject
Project("{FAE04EC0-301F-11D3-BF4B-00C04F79EFBC}") = "PetriTests", "PetriTests\PetriTests.csproj", "{A9C4A207-B4C6-4568-95F9-6DC53F3BA83B}"
EndProject
Project("{FAE04EC0-301F-11D3-BF4B-00C04F79EFBC}") = "SimplePetriConsoleApp", "SimplePetriConsoleApp\SimplePetriConsoleApp.csproj", "{CD27B0DA-F9A1-49EA-9D57-F2CC85B249EE}"
EndProject
Project("{FAE04EC0-301F-11D3-BF4B-00C04F79EFBC}") = "Log", "..\..\..\parsersrc\Log\Log\Log.csproj", "{7DB4AEFC-3601-4EF9-A9D0-36835640D0B8}"
EndProject
Global
	GlobalSection(SolutionConfigurationPlatforms) = preSolution
		Debug|Any CPU = Debug|Any CPU
		Release|Any CPU = Release|Any CPU
	EndGlobalSection
	GlobalSection(ProjectConfigurationPlatforms) = postSolution
		{A79C6AC5-8BA1-42C4-910B-818E6B55B26A}.Debug|Any CPU.ActiveCfg = Debug|Any CPU
		{A79C6AC5-8BA1-42C4-910B-818E6B55B26A}.Debug|Any CPU.Build.0 = Debug|Any CPU
		{A79C6AC5-8BA1-42C4-910B-818E6B55B26A}.Release|Any CPU.ActiveCfg = Release|Any CPU
		{A79C6AC5-8BA1-42C4-910B-818E6B55B26A}.Release|Any CPU.Build.0 = Release|Any CPU
		{A9C4A207-B4C6-4568-95F9-6DC53F3BA83B}.Debug|Any CPU.ActiveCfg = Debug|Any CPU
		{A9C4A207-B4C6-4568-95F9-6DC53F3BA83B}.Debug|Any CPU.Build.0 = Debug|Any CPU
		{A9C4A207-B4C6-4568-95F9-6DC53F3BA83B}.Release|Any CPU.ActiveCfg = Release|Any CPU
		{A9C4A207-B4C6-4568-95F9-6DC53F3BA83B}.Release|Any CPU.Build.0 = Release|Any CPU
		{CD27B0DA-F9A1-49EA-9D57-F2CC85B249EE}.Debug|Any CPU.ActiveCfg = Debug|Any CPU
		{CD27B0DA-F9A1-49EA-9D57-F2CC85B249EE}.Debug|Any CPU.Build.0 = Debug|Any CPU
		{CD27B0DA-F9A1-49EA-9D57-F2CC85B249EE}.Release|Any CPU.ActiveCfg = Release|Any CPU
		{CD27B0DA-F9A1-49EA-9D57-F2CC85B249EE}.Release|Any CPU.Build.0 = Release|Any CPU
		{7DB4AEFC-3601-4EF9-A9D0-36835640D0B8}.Debug|Any CPU.ActiveCfg = Debug|Any CPU
		{7DB4AEFC-3601-4EF9-A9D0-36835640D0B8}.Debug|Any CPU.Build.0 = Debug|Any CPU
		{7DB4AEFC-3601-4EF9-A9D0-36835640D0B8}.Release|Any CPU.ActiveCfg = Release|Any CPU
		{7DB4AEFC-3601-4EF9-A9D0-36835640D0B8}.Release|Any CPU.Build.0 = Release|Any CPU
	EndGlobalSection
	GlobalSection(SolutionProperties) = preSolution
		HideSolutionNode = FALSE
	EndGlobalSection
EndGlobal
